{
  "version": 4,
  "terraform_version": "1.9.8",
  "serial": 79,
  "lineage": "e83ee2be-91f5-60a5-8f6e-a8cc951178a8",
  "outputs": {
    "vnet_id": {
      "value": "/subscriptions/a96db7f9-f077-48d6-9d2e-68075185bc77/resourceGroups/Cloud-Dev-RG/providers/Microsoft.Network/virtualNetworks/Cloud-Dev-vnet",
      "type": "string"
    },
    "vnet_name": {
      "value": "Cloud-Dev-vnet",
      "type": "string"
    },
    "websubnetID": {
      "value": "/subscriptions/a96db7f9-f077-48d6-9d2e-68075185bc77/resourceGroups/Cloud-Dev-RG/providers/Microsoft.Network/virtualNetworks/Cloud-Dev-vnet/subnets/vnet-websubnet",
      "type": "string"
    },
    "websubnetname": {
      "value": "vnet-websubnet",
      "type": "string"
    }
  },
  "resources": [
    {
      "mode": "managed",
      "type": "azurerm_network_security_group",
      "name": "appsubnet_NSG",
      "provider": "provider[\"registry.terraform.io/hashicorp/azurerm\"]",
      "instances": [
        {
          "schema_version": 0,
          "attributes": {
            "id": "/subscriptions/a96db7f9-f077-48d6-9d2e-68075185bc77/resourceGroups/Cloud-Dev-RG/providers/Microsoft.Network/networkSecurityGroups/vnet-appsubnet",
            "location": "centralindia",
            "name": "vnet-appsubnet",
            "resource_group_name": "Cloud-Dev-RG",
            "security_rule": [],
            "tags": {},
            "timeouts": null
          },
          "sensitive_attributes": [],
          "private": "eyJlMmJmYjczMC1lY2FhLTExZTYtOGY4OC0zNDM2M2JjN2M0YzAiOnsiY3JlYXRlIjoxODAwMDAwMDAwMDAwLCJkZWxldGUiOjE4MDAwMDAwMDAwMDAsInJlYWQiOjMwMDAwMDAwMDAwMCwidXBkYXRlIjoxODAwMDAwMDAwMDAwfX0=",
          "dependencies": [
            "azurerm_resource_group.RG",
            "azurerm_subnet.appsubnet",
            "azurerm_virtual_network.vnet"
          ]
        }
      ]
    },
    {
      "mode": "managed",
      "type": "azurerm_network_security_group",
      "name": "bastionsubnet_NSG",
      "provider": "provider[\"registry.terraform.io/hashicorp/azurerm\"]",
      "instances": [
        {
          "schema_version": 0,
          "attributes": {
            "id": "/subscriptions/a96db7f9-f077-48d6-9d2e-68075185bc77/resourceGroups/Cloud-Dev-RG/providers/Microsoft.Network/networkSecurityGroups/vnet-bastionsubnet",
            "location": "centralindia",
            "name": "vnet-bastionsubnet",
            "resource_group_name": "Cloud-Dev-RG",
            "security_rule": [],
            "tags": {},
            "timeouts": null
          },
          "sensitive_attributes": [],
          "private": "eyJlMmJmYjczMC1lY2FhLTExZTYtOGY4OC0zNDM2M2JjN2M0YzAiOnsiY3JlYXRlIjoxODAwMDAwMDAwMDAwLCJkZWxldGUiOjE4MDAwMDAwMDAwMDAsInJlYWQiOjMwMDAwMDAwMDAwMCwidXBkYXRlIjoxODAwMDAwMDAwMDAwfX0=",
          "dependencies": [
            "azurerm_resource_group.RG",
            "azurerm_subnet.bastionsubnet",
            "azurerm_virtual_network.vnet"
          ]
        }
      ]
    },
    {
      "mode": "managed",
      "type": "azurerm_network_security_group",
      "name": "dbsubnet_NSG",
      "provider": "provider[\"registry.terraform.io/hashicorp/azurerm\"]",
      "instances": [
        {
          "schema_version": 0,
          "attributes": {
            "id": "/subscriptions/a96db7f9-f077-48d6-9d2e-68075185bc77/resourceGroups/Cloud-Dev-RG/providers/Microsoft.Network/networkSecurityGroups/vnet-dbsubnet",
            "location": "centralindia",
            "name": "vnet-dbsubnet",
            "resource_group_name": "Cloud-Dev-RG",
            "security_rule": [],
            "tags": {},
            "timeouts": null
          },
          "sensitive_attributes": [],
          "private": "eyJlMmJmYjczMC1lY2FhLTExZTYtOGY4OC0zNDM2M2JjN2M0YzAiOnsiY3JlYXRlIjoxODAwMDAwMDAwMDAwLCJkZWxldGUiOjE4MDAwMDAwMDAwMDAsInJlYWQiOjMwMDAwMDAwMDAwMCwidXBkYXRlIjoxODAwMDAwMDAwMDAwfX0=",
          "dependencies": [
            "azurerm_resource_group.RG",
            "azurerm_subnet.dbsubnet",
            "azurerm_virtual_network.vnet"
          ]
        }
      ]
    },
    {
      "mode": "managed",
      "type": "azurerm_network_security_group",
      "name": "websubnet_NSG",
      "provider": "provider[\"registry.terraform.io/hashicorp/azurerm\"]",
      "instances": [
        {
          "schema_version": 0,
          "attributes": {
            "id": "/subscriptions/a96db7f9-f077-48d6-9d2e-68075185bc77/resourceGroups/Cloud-Dev-RG/providers/Microsoft.Network/networkSecurityGroups/vnet-websubnet",
            "location": "centralindia",
            "name": "vnet-websubnet",
            "resource_group_name": "Cloud-Dev-RG",
            "security_rule": [],
            "tags": {},
            "timeouts": null
          },
          "sensitive_attributes": [],
          "private": "eyJlMmJmYjczMC1lY2FhLTExZTYtOGY4OC0zNDM2M2JjN2M0YzAiOnsiY3JlYXRlIjoxODAwMDAwMDAwMDAwLCJkZWxldGUiOjE4MDAwMDAwMDAwMDAsInJlYWQiOjMwMDAwMDAwMDAwMCwidXBkYXRlIjoxODAwMDAwMDAwMDAwfX0=",
          "dependencies": [
            "azurerm_resource_group.RG",
            "azurerm_subnet.websubnet",
            "azurerm_virtual_network.vnet"
          ]
        }
      ]
    },
    {
      "mode": "managed",
      "type": "azurerm_resource_group",
      "name": "RG",
      "provider": "provider[\"registry.terraform.io/hashicorp/azurerm\"]",
      "instances": [
        {
          "schema_version": 0,
          "attributes": {
            "id": "/subscriptions/a96db7f9-f077-48d6-9d2e-68075185bc77/resourceGroups/Cloud-Dev-RG",
            "location": "centralindia",
            "managed_by": "",
            "name": "Cloud-Dev-RG",
            "tags": {
              "Environment": "Dev",
              "owners": "Cloud"
            },
            "timeouts": null
          },
          "sensitive_attributes": [],
          "private": "eyJlMmJmYjczMC1lY2FhLTExZTYtOGY4OC0zNDM2M2JjN2M0YzAiOnsiY3JlYXRlIjo1NDAwMDAwMDAwMDAwLCJkZWxldGUiOjU0MDAwMDAwMDAwMDAsInJlYWQiOjMwMDAwMDAwMDAwMCwidXBkYXRlIjo1NDAwMDAwMDAwMDAwfX0="
        }
      ]
    },
    {
      "mode": "managed",
      "type": "azurerm_subnet",
      "name": "appsubnet",
      "provider": "provider[\"registry.terraform.io/hashicorp/azurerm\"]",
      "instances": [
        {
          "schema_version": 0,
          "attributes": {
            "address_prefixes": [
              "10.0.16.0/20"
            ],
            "default_outbound_access_enabled": true,
            "delegation": [],
            "id": "/subscriptions/a96db7f9-f077-48d6-9d2e-68075185bc77/resourceGroups/Cloud-Dev-RG/providers/Microsoft.Network/virtualNetworks/Cloud-Dev-vnet/subnets/vnet-appsubnet",
            "name": "vnet-appsubnet",
            "private_endpoint_network_policies": "Disabled",
            "private_link_service_network_policies_enabled": true,
            "resource_group_name": "Cloud-Dev-RG",
            "service_endpoint_policy_ids": [],
            "service_endpoints": [],
            "timeouts": null,
            "virtual_network_name": "Cloud-Dev-vnet"
          },
          "sensitive_attributes": [],
          "private": "eyJlMmJmYjczMC1lY2FhLTExZTYtOGY4OC0zNDM2M2JjN2M0YzAiOnsiY3JlYXRlIjoxODAwMDAwMDAwMDAwLCJkZWxldGUiOjE4MDAwMDAwMDAwMDAsInJlYWQiOjMwMDAwMDAwMDAwMCwidXBkYXRlIjoxODAwMDAwMDAwMDAwfX0=",
          "dependencies": [
            "azurerm_resource_group.RG",
            "azurerm_virtual_network.vnet"
          ]
        }
      ]
    },
    {
      "mode": "managed",
      "type": "azurerm_subnet",
      "name": "bastionsubnet",
      "provider": "provider[\"registry.terraform.io/hashicorp/azurerm\"]",
      "instances": [
        {
          "schema_version": 0,
          "attributes": {
            "address_prefixes": [
              "10.0.48.0/20"
            ],
            "default_outbound_access_enabled": true,
            "delegation": [],
            "id": "/subscriptions/a96db7f9-f077-48d6-9d2e-68075185bc77/resourceGroups/Cloud-Dev-RG/providers/Microsoft.Network/virtualNetworks/Cloud-Dev-vnet/subnets/vnet-bastionsubnet",
            "name": "vnet-bastionsubnet",
            "private_endpoint_network_policies": "Disabled",
            "private_link_service_network_policies_enabled": true,
            "resource_group_name": "Cloud-Dev-RG",
            "service_endpoint_policy_ids": [],
            "service_endpoints": [],
            "timeouts": null,
            "virtual_network_name": "Cloud-Dev-vnet"
          },
          "sensitive_attributes": [],
          "private": "eyJlMmJmYjczMC1lY2FhLTExZTYtOGY4OC0zNDM2M2JjN2M0YzAiOnsiY3JlYXRlIjoxODAwMDAwMDAwMDAwLCJkZWxldGUiOjE4MDAwMDAwMDAwMDAsInJlYWQiOjMwMDAwMDAwMDAwMCwidXBkYXRlIjoxODAwMDAwMDAwMDAwfX0=",
          "dependencies": [
            "azurerm_resource_group.RG",
            "azurerm_virtual_network.vnet"
          ]
        }
      ]
    },
    {
      "mode": "managed",
      "type": "azurerm_subnet",
      "name": "dbsubnet",
      "provider": "provider[\"registry.terraform.io/hashicorp/azurerm\"]",
      "instances": [
        {
          "schema_version": 0,
          "attributes": {
            "address_prefixes": [
              "10.0.32.0/20"
            ],
            "default_outbound_access_enabled": true,
            "delegation": [],
            "id": "/subscriptions/a96db7f9-f077-48d6-9d2e-68075185bc77/resourceGroups/Cloud-Dev-RG/providers/Microsoft.Network/virtualNetworks/Cloud-Dev-vnet/subnets/vnet-dbsubnet",
            "name": "vnet-dbsubnet",
            "private_endpoint_network_policies": "Disabled",
            "private_link_service_network_policies_enabled": true,
            "resource_group_name": "Cloud-Dev-RG",
            "service_endpoint_policy_ids": [],
            "service_endpoints": [],
            "timeouts": null,
            "virtual_network_name": "Cloud-Dev-vnet"
          },
          "sensitive_attributes": [],
          "private": "eyJlMmJmYjczMC1lY2FhLTExZTYtOGY4OC0zNDM2M2JjN2M0YzAiOnsiY3JlYXRlIjoxODAwMDAwMDAwMDAwLCJkZWxldGUiOjE4MDAwMDAwMDAwMDAsInJlYWQiOjMwMDAwMDAwMDAwMCwidXBkYXRlIjoxODAwMDAwMDAwMDAwfX0=",
          "dependencies": [
            "azurerm_resource_group.RG",
            "azurerm_virtual_network.vnet"
          ]
        }
      ]
    },
    {
      "mode": "managed",
      "type": "azurerm_subnet",
      "name": "websubnet",
      "provider": "provider[\"registry.terraform.io/hashicorp/azurerm\"]",
      "instances": [
        {
          "schema_version": 0,
          "attributes": {
            "address_prefixes": [
              "10.0.0.0/20"
            ],
            "default_outbound_access_enabled": true,
            "delegation": [],
            "id": "/subscriptions/a96db7f9-f077-48d6-9d2e-68075185bc77/resourceGroups/Cloud-Dev-RG/providers/Microsoft.Network/virtualNetworks/Cloud-Dev-vnet/subnets/vnet-websubnet",
            "name": "vnet-websubnet",
            "private_endpoint_network_policies": "Disabled",
            "private_link_service_network_policies_enabled": true,
            "resource_group_name": "Cloud-Dev-RG",
            "service_endpoint_policy_ids": [],
            "service_endpoints": [],
            "timeouts": null,
            "virtual_network_name": "Cloud-Dev-vnet"
          },
          "sensitive_attributes": [],
          "private": "eyJlMmJmYjczMC1lY2FhLTExZTYtOGY4OC0zNDM2M2JjN2M0YzAiOnsiY3JlYXRlIjoxODAwMDAwMDAwMDAwLCJkZWxldGUiOjE4MDAwMDAwMDAwMDAsInJlYWQiOjMwMDAwMDAwMDAwMCwidXBkYXRlIjoxODAwMDAwMDAwMDAwfX0=",
          "dependencies": [
            "azurerm_resource_group.RG",
            "azurerm_virtual_network.vnet"
          ]
        }
      ]
    },
    {
      "mode": "managed",
      "type": "azurerm_subnet_network_security_group_association",
      "name": "associteappsubnetnsg",
      "provider": "provider[\"registry.terraform.io/hashicorp/azurerm\"]",
      "instances": [
        {
          "schema_version": 0,
          "attributes": {
            "id": "/subscriptions/a96db7f9-f077-48d6-9d2e-68075185bc77/resourceGroups/Cloud-Dev-RG/providers/Microsoft.Network/virtualNetworks/Cloud-Dev-vnet/subnets/vnet-appsubnet",
            "network_security_group_id": "/subscriptions/a96db7f9-f077-48d6-9d2e-68075185bc77/resourceGroups/Cloud-Dev-RG/providers/Microsoft.Network/networkSecurityGroups/vnet-appsubnet",
            "subnet_id": "/subscriptions/a96db7f9-f077-48d6-9d2e-68075185bc77/resourceGroups/Cloud-Dev-RG/providers/Microsoft.Network/virtualNetworks/Cloud-Dev-vnet/subnets/vnet-appsubnet",
            "timeouts": null
          },
          "sensitive_attributes": [],
          "private": "eyJlMmJmYjczMC1lY2FhLTExZTYtOGY4OC0zNDM2M2JjN2M0YzAiOnsiY3JlYXRlIjoxODAwMDAwMDAwMDAwLCJkZWxldGUiOjE4MDAwMDAwMDAwMDAsInJlYWQiOjMwMDAwMDAwMDAwMH19",
          "dependencies": [
            "azurerm_network_security_group.appsubnet_NSG",
            "azurerm_resource_group.RG",
            "azurerm_subnet.appsubnet",
            "azurerm_virtual_network.vnet"
          ]
        }
      ]
    },
    {
      "mode": "managed",
      "type": "azurerm_subnet_network_security_group_association",
      "name": "associtebastionsubnet",
      "provider": "provider[\"registry.terraform.io/hashicorp/azurerm\"]",
      "instances": [
        {
          "schema_version": 0,
          "attributes": {
            "id": "/subscriptions/a96db7f9-f077-48d6-9d2e-68075185bc77/resourceGroups/Cloud-Dev-RG/providers/Microsoft.Network/virtualNetworks/Cloud-Dev-vnet/subnets/vnet-bastionsubnet",
            "network_security_group_id": "/subscriptions/a96db7f9-f077-48d6-9d2e-68075185bc77/resourceGroups/Cloud-Dev-RG/providers/Microsoft.Network/networkSecurityGroups/vnet-bastionsubnet",
            "subnet_id": "/subscriptions/a96db7f9-f077-48d6-9d2e-68075185bc77/resourceGroups/Cloud-Dev-RG/providers/Microsoft.Network/virtualNetworks/Cloud-Dev-vnet/subnets/vnet-bastionsubnet",
            "timeouts": null
          },
          "sensitive_attributes": [],
          "private": "eyJlMmJmYjczMC1lY2FhLTExZTYtOGY4OC0zNDM2M2JjN2M0YzAiOnsiY3JlYXRlIjoxODAwMDAwMDAwMDAwLCJkZWxldGUiOjE4MDAwMDAwMDAwMDAsInJlYWQiOjMwMDAwMDAwMDAwMH19",
          "dependencies": [
            "azurerm_network_security_group.bastionsubnet_NSG",
            "azurerm_resource_group.RG",
            "azurerm_subnet.bastionsubnet",
            "azurerm_virtual_network.vnet"
          ]
        }
      ]
    },
    {
      "mode": "managed",
      "type": "azurerm_subnet_network_security_group_association",
      "name": "associtedbsubnetnsg",
      "provider": "provider[\"registry.terraform.io/hashicorp/azurerm\"]",
      "instances": [
        {
          "schema_version": 0,
          "attributes": {
            "id": "/subscriptions/a96db7f9-f077-48d6-9d2e-68075185bc77/resourceGroups/Cloud-Dev-RG/providers/Microsoft.Network/virtualNetworks/Cloud-Dev-vnet/subnets/vnet-dbsubnet",
            "network_security_group_id": "/subscriptions/a96db7f9-f077-48d6-9d2e-68075185bc77/resourceGroups/Cloud-Dev-RG/providers/Microsoft.Network/networkSecurityGroups/vnet-dbsubnet",
            "subnet_id": "/subscriptions/a96db7f9-f077-48d6-9d2e-68075185bc77/resourceGroups/Cloud-Dev-RG/providers/Microsoft.Network/virtualNetworks/Cloud-Dev-vnet/subnets/vnet-dbsubnet",
            "timeouts": null
          },
          "sensitive_attributes": [],
          "private": "eyJlMmJmYjczMC1lY2FhLTExZTYtOGY4OC0zNDM2M2JjN2M0YzAiOnsiY3JlYXRlIjoxODAwMDAwMDAwMDAwLCJkZWxldGUiOjE4MDAwMDAwMDAwMDAsInJlYWQiOjMwMDAwMDAwMDAwMH19",
          "dependencies": [
            "azurerm_network_security_group.dbsubnet_NSG",
            "azurerm_resource_group.RG",
            "azurerm_subnet.dbsubnet",
            "azurerm_virtual_network.vnet"
          ]
        }
      ]
    },
    {
      "mode": "managed",
      "type": "azurerm_subnet_network_security_group_association",
      "name": "associtewebsubnetnsg",
      "provider": "provider[\"registry.terraform.io/hashicorp/azurerm\"]",
      "instances": [
        {
          "schema_version": 0,
          "attributes": {
            "id": "/subscriptions/a96db7f9-f077-48d6-9d2e-68075185bc77/resourceGroups/Cloud-Dev-RG/providers/Microsoft.Network/virtualNetworks/Cloud-Dev-vnet/subnets/vnet-websubnet",
            "network_security_group_id": "/subscriptions/a96db7f9-f077-48d6-9d2e-68075185bc77/resourceGroups/Cloud-Dev-RG/providers/Microsoft.Network/networkSecurityGroups/vnet-websubnet",
            "subnet_id": "/subscriptions/a96db7f9-f077-48d6-9d2e-68075185bc77/resourceGroups/Cloud-Dev-RG/providers/Microsoft.Network/virtualNetworks/Cloud-Dev-vnet/subnets/vnet-websubnet",
            "timeouts": null
          },
          "sensitive_attributes": [],
          "private": "eyJlMmJmYjczMC1lY2FhLTExZTYtOGY4OC0zNDM2M2JjN2M0YzAiOnsiY3JlYXRlIjoxODAwMDAwMDAwMDAwLCJkZWxldGUiOjE4MDAwMDAwMDAwMDAsInJlYWQiOjMwMDAwMDAwMDAwMH19",
          "dependencies": [
            "azurerm_network_security_group.websubnet_NSG",
            "azurerm_resource_group.RG",
            "azurerm_subnet.websubnet",
            "azurerm_virtual_network.vnet"
          ]
        }
      ]
    },
    {
      "mode": "managed",
      "type": "azurerm_virtual_network",
      "name": "vnet",
      "provider": "provider[\"registry.terraform.io/hashicorp/azurerm\"]",
      "instances": [
        {
          "schema_version": 0,
          "attributes": {
            "address_space": [
              "10.0.0.0/16"
            ],
            "bgp_community": "",
            "ddos_protection_plan": [],
            "dns_servers": [],
            "edge_zone": "",
            "encryption": [],
            "flow_timeout_in_minutes": 0,
            "guid": "44f8f2f9-8866-4c34-a8ac-eff078cf0855",
            "id": "/subscriptions/a96db7f9-f077-48d6-9d2e-68075185bc77/resourceGroups/Cloud-Dev-RG/providers/Microsoft.Network/virtualNetworks/Cloud-Dev-vnet",
            "location": "centralindia",
            "name": "Cloud-Dev-vnet",
            "private_endpoint_vnet_policies": "Disabled",
            "resource_group_name": "Cloud-Dev-RG",
            "subnet": [
              {
                "address_prefixes": [
                  "10.0.0.0/20"
                ],
                "default_outbound_access_enabled": true,
                "delegation": [],
                "id": "/subscriptions/a96db7f9-f077-48d6-9d2e-68075185bc77/resourceGroups/Cloud-Dev-RG/providers/Microsoft.Network/virtualNetworks/Cloud-Dev-vnet/subnets/vnet-websubnet",
                "name": "vnet-websubnet",
                "private_endpoint_network_policies": "Disabled",
                "private_link_service_network_policies_enabled": true,
                "route_table_id": "",
                "security_group": "/subscriptions/a96db7f9-f077-48d6-9d2e-68075185bc77/resourceGroups/Cloud-Dev-RG/providers/Microsoft.Network/networkSecurityGroups/vnet-websubnet",
                "service_endpoint_policy_ids": [],
                "service_endpoints": []
              },
              {
                "address_prefixes": [
                  "10.0.16.0/20"
                ],
                "default_outbound_access_enabled": true,
                "delegation": [],
                "id": "/subscriptions/a96db7f9-f077-48d6-9d2e-68075185bc77/resourceGroups/Cloud-Dev-RG/providers/Microsoft.Network/virtualNetworks/Cloud-Dev-vnet/subnets/vnet-appsubnet",
                "name": "vnet-appsubnet",
                "private_endpoint_network_policies": "Disabled",
                "private_link_service_network_policies_enabled": true,
                "route_table_id": "",
                "security_group": "/subscriptions/a96db7f9-f077-48d6-9d2e-68075185bc77/resourceGroups/Cloud-Dev-RG/providers/Microsoft.Network/networkSecurityGroups/vnet-appsubnet",
                "service_endpoint_policy_ids": [],
                "service_endpoints": []
              },
              {
                "address_prefixes": [
                  "10.0.32.0/20"
                ],
                "default_outbound_access_enabled": true,
                "delegation": [],
                "id": "/subscriptions/a96db7f9-f077-48d6-9d2e-68075185bc77/resourceGroups/Cloud-Dev-RG/providers/Microsoft.Network/virtualNetworks/Cloud-Dev-vnet/subnets/vnet-dbsubnet",
                "name": "vnet-dbsubnet",
                "private_endpoint_network_policies": "Disabled",
                "private_link_service_network_policies_enabled": true,
                "route_table_id": "",
                "security_group": "/subscriptions/a96db7f9-f077-48d6-9d2e-68075185bc77/resourceGroups/Cloud-Dev-RG/providers/Microsoft.Network/networkSecurityGroups/vnet-dbsubnet",
                "service_endpoint_policy_ids": [],
                "service_endpoints": []
              },
              {
                "address_prefixes": [
                  "10.0.48.0/20"
                ],
                "default_outbound_access_enabled": true,
                "delegation": [],
                "id": "/subscriptions/a96db7f9-f077-48d6-9d2e-68075185bc77/resourceGroups/Cloud-Dev-RG/providers/Microsoft.Network/virtualNetworks/Cloud-Dev-vnet/subnets/vnet-bastionsubnet",
                "name": "vnet-bastionsubnet",
                "private_endpoint_network_policies": "Disabled",
                "private_link_service_network_policies_enabled": true,
                "route_table_id": "",
                "security_group": "/subscriptions/a96db7f9-f077-48d6-9d2e-68075185bc77/resourceGroups/Cloud-Dev-RG/providers/Microsoft.Network/networkSecurityGroups/vnet-bastionsubnet",
                "service_endpoint_policy_ids": [],
                "service_endpoints": []
              }
            ],
            "tags": {
              "Environment": "Dev",
              "owners": "Cloud"
            },
            "timeouts": null
          },
          "sensitive_attributes": [],
          "private": "eyJlMmJmYjczMC1lY2FhLTExZTYtOGY4OC0zNDM2M2JjN2M0YzAiOnsiY3JlYXRlIjoxODAwMDAwMDAwMDAwLCJkZWxldGUiOjE4MDAwMDAwMDAwMDAsInJlYWQiOjMwMDAwMDAwMDAwMCwidXBkYXRlIjoxODAwMDAwMDAwMDAwfX0=",
          "dependencies": [
            "azurerm_resource_group.RG"
          ]
        }
      ]
    },
    {
      "mode": "managed",
      "type": "random_string",
      "name": "myrandom",
      "provider": "provider[\"registry.terraform.io/hashicorp/random\"]",
      "instances": [
        {
          "schema_version": 2,
          "attributes": {
            "id": "Zm\u003e=\u003ef$x-J",
            "keepers": null,
            "length": 10,
            "lower": true,
            "min_lower": 0,
            "min_numeric": 0,
            "min_special": 0,
            "min_upper": 0,
            "number": false,
            "numeric": false,
            "override_special": null,
            "result": "Zm\u003e=\u003ef$x-J",
            "special": true,
            "upper": true
          },
          "sensitive_attributes": []
        }
      ]
    }
  ],
  "check_results": null
}
